// !$*UTF8*$!
{
	archiveVersion = 1;
	classes = {
	};
	objectVersion = 46;
	objects = {

/* Begin PBXBuildFile section */
		B9FB0F8E1EC06E8800473C17 /* AppDelegate.swift in Sources */ = {isa = PBXBuildFile; fileRef = B9FB0F8D1EC06E8800473C17 /* AppDelegate.swift */; };
		B9FB0F901EC06E8800473C17 /* ViewController.swift in Sources */ = {isa = PBXBuildFile; fileRef = B9FB0F8F1EC06E8800473C17 /* ViewController.swift */; };
		B9FB0F931EC06E8800473C17 /* Main.storyboard in Resources */ = {isa = PBXBuildFile; fileRef = B9FB0F911EC06E8800473C17 /* Main.storyboard */; };
		B9FB0F951EC06E8800473C17 /* Assets.xcassets in Resources */ = {isa = PBXBuildFile; fileRef = B9FB0F941EC06E8800473C17 /* Assets.xcassets */; };
		B9FB0F981EC06E8800473C17 /* LaunchScreen.storyboard in Resources */ = {isa = PBXBuildFile; fileRef = B9FB0F961EC06E8800473C17 /* LaunchScreen.storyboard */; };
		B9FB0FA31EC06E8800473C17 /* UtilsTests.swift in Sources */ = {isa = PBXBuildFile; fileRef = B9FB0FA21EC06E8800473C17 /* UtilsTests.swift */; };
		B9FB0FB11EC06EEC00473C17 /* UIViewFromXIB.swift in Sources */ = {isa = PBXBuildFile; fileRef = B9FB0FB01EC06EEC00473C17 /* UIViewFromXIB.swift */; };
		B9FB0FB31EC06EF300473C17 /* Boxed.swift in Sources */ = {isa = PBXBuildFile; fileRef = B9FB0FB21EC06EF300473C17 /* Boxed.swift */; };
/* End PBXBuildFile section */

/* Begin PBXContainerItemProxy section */
		B9FB0F9F1EC06E8800473C17 /* PBXContainerItemProxy */ = {
			isa = PBXContainerItemProxy;
			containerPortal = B9FB0F821EC06E8800473C17 /* Project object */;
			proxyType = 1;
			remoteGlobalIDString = B9FB0F891EC06E8800473C17;
			remoteInfo = Utils;
		};
/* End PBXContainerItemProxy section */

/* Begin PBXFileReference section */
		B9FB0F8A1EC06E8800473C17 /* Utils.app */ = {isa = PBXFileReference; explicitFileType = wrapper.application; includeInIndex = 0; path = Utils.app; sourceTree = BUILT_PRODUCTS_DIR; };
		B9FB0F8D1EC06E8800473C17 /* AppDelegate.swift */ = {isa = PBXFileReference; lastKnownFileType = sourcecode.swift; path = AppDelegate.swift; sourceTree = "<group>"; };
		B9FB0F8F1EC06E8800473C17 /* ViewController.swift */ = {isa = PBXFileReference; lastKnownFileType = sourcecode.swift; path = ViewController.swift; sourceTree = "<group>"; };
		B9FB0F921EC06E8800473C17 /* Base */ = {isa = PBXFileReference; lastKnownFileType = file.storyboard; name = Base; path = Base.lproj/Main.storyboard; sourceTree = "<group>"; };
		B9FB0F941EC06E8800473C17 /* Assets.xcassets */ = {isa = PBXFileReference; lastKnownFileType = folder.assetcatalog; path = Assets.xcassets; sourceTree = "<group>"; };
		B9FB0F971EC06E8800473C17 /* Base */ = {isa = PBXFileReference; lastKnownFileType = file.storyboard; name = Base; path = Base.lproj/LaunchScreen.storyboard; sourceTree = "<group>"; };
		B9FB0F991EC06E8800473C17 /* Info.plist */ = {isa = PBXFileReference; lastKnownFileType = text.plist.xml; path = Info.plist; sourceTree = "<group>"; };
		B9FB0F9E1EC06E8800473C17 /* UtilsTests.xctest */ = {isa = PBXFileReference; explicitFileType = wrapper.cfbundle; includeInIndex = 0; path = UtilsTests.xctest; sourceTree = BUILT_PRODUCTS_DIR; };
		B9FB0FA21EC06E8800473C17 /* UtilsTests.swift */ = {isa = PBXFileReference; lastKnownFileType = sourcecode.swift; path = UtilsTests.swift; sourceTree = "<group>"; };
		B9FB0FA41EC06E8800473C17 /* Info.plist */ = {isa = PBXFileReference; lastKnownFileType = text.plist.xml; path = Info.plist; sourceTree = "<group>"; };
		B9FB0FB01EC06EEC00473C17 /* UIViewFromXIB.swift */ = {isa = PBXFileReference; fileEncoding = 4; lastKnownFileType = sourcecode.swift; path = UIViewFromXIB.swift; sourceTree = "<group>"; };
		B9FB0FB21EC06EF300473C17 /* Boxed.swift */ = {isa = PBXFileReference; fileEncoding = 4; lastKnownFileType = sourcecode.swift; path = Boxed.swift; sourceTree = "<group>"; };
/* End PBXFileReference section */

/* Begin PBXFrameworksBuildPhase section */
		B9FB0F871EC06E8800473C17 /* Frameworks */ = {
			isa = PBXFrameworksBuildPhase;
			buildActionMask = 2147483647;
			files = (
			);
			runOnlyForDeploymentPostprocessing = 0;
		};
		B9FB0F9B1EC06E8800473C17 /* Frameworks */ = {
			isa = PBXFrameworksBuildPhase;
			buildActionMask = 2147483647;
			files = (
			);
			runOnlyForDeploymentPostprocessing = 0;
		};
/* End PBXFrameworksBuildPhase section */

/* Begin PBXGroup section */
		B9FB0F811EC06E8800473C17 = {
			isa = PBXGroup;
			children = (
				B9FB0FAD1EC06EE200473C17 /* src */,
				B9FB0F8C1EC06E8800473C17 /* Utils */,
				B9FB0FA11EC06E8800473C17 /* UtilsTests */,
				B9FB0F8B1EC06E8800473C17 /* Products */,
			);
			sourceTree = "<group>";
		};
		B9FB0F8B1EC06E8800473C17 /* Products */ = {
			isa = PBXGroup;
			children = (
				B9FB0F8A1EC06E8800473C17 /* Utils.app */,
				B9FB0F9E1EC06E8800473C17 /* UtilsTests.xctest */,
			);
			name = Products;
			sourceTree = "<group>";
		};
		B9FB0F8C1EC06E8800473C17 /* Utils */ = {
			isa = PBXGroup;
			children = (
				B9FB0F8D1EC06E8800473C17 /* AppDelegate.swift */,
				B9FB0F8F1EC06E8800473C17 /* ViewController.swift */,
				B9FB0F911EC06E8800473C17 /* Main.storyboard */,
				B9FB0F941EC06E8800473C17 /* Assets.xcassets */,
				B9FB0F961EC06E8800473C17 /* LaunchScreen.storyboard */,
				B9FB0F991EC06E8800473C17 /* Info.plist */,
			);
			path = Utils;
			sourceTree = "<group>";
		};
		B9FB0FA11EC06E8800473C17 /* UtilsTests */ = {
			isa = PBXGroup;
			children = (
				B9FB0FA21EC06E8800473C17 /* UtilsTests.swift */,
				B9FB0FA41EC06E8800473C17 /* Info.plist */,
			);
			path = UtilsTests;
			sourceTree = "<group>";
		};
		B9FB0FAD1EC06EE200473C17 /* src */ = {
			isa = PBXGroup;
			children = (
				B9FB0FAE1EC06EE200473C17 /* Boxed */,
				B9FB0FAF1EC06EE200473C17 /* UIViewFromXIB */,
			);
			path = src;
			sourceTree = "<group>";
		};
		B9FB0FAE1EC06EE200473C17 /* Boxed */ = {
			isa = PBXGroup;
			children = (
				B9FB0FB21EC06EF300473C17 /* Boxed.swift */,
			);
			path = Boxed;
			sourceTree = "<group>";
		};
		B9FB0FAF1EC06EE200473C17 /* UIViewFromXIB */ = {
			isa = PBXGroup;
			children = (
				B9FB0FB01EC06EEC00473C17 /* UIViewFromXIB.swift */,
			);
			path = UIViewFromXIB;
			sourceTree = "<group>";
		};
/* End PBXGroup section */

/* Begin PBXNativeTarget section */
		B9FB0F891EC06E8800473C17 /* Utils */ = {
			isa = PBXNativeTarget;
			buildConfigurationList = B9FB0FA71EC06E8800473C17 /* Build configuration list for PBXNativeTarget "Utils" */;
			buildPhases = (
				B9FB0F861EC06E8800473C17 /* Sources */,
				B9FB0F871EC06E8800473C17 /* Frameworks */,
				B9FB0F881EC06E8800473C17 /* Resources */,
			);
			buildRules = (
			);
			dependencies = (
			);
			name = Utils;
			productName = Utils;
			productReference = B9FB0F8A1EC06E8800473C17 /* Utils.app */;
			productType = "com.apple.product-type.application";
		};
		B9FB0F9D1EC06E8800473C17 /* UtilsTests */ = {
			isa = PBXNativeTarget;
			buildConfigurationList = B9FB0FAA1EC06E8800473C17 /* Build configuration list for PBXNativeTarget "UtilsTests" */;
			buildPhases = (
				B9FB0F9A1EC06E8800473C17 /* Sources */,
				B9FB0F9B1EC06E8800473C17 /* Frameworks */,
				B9FB0F9C1EC06E8800473C17 /* Resources */,
			);
			buildRules = (
			);
			dependencies = (
				B9FB0FA01EC06E8800473C17 /* PBXTargetDependency */,
			);
			name = UtilsTests;
			productName = UtilsTests;
			productReference = B9FB0F9E1EC06E8800473C17 /* UtilsTests.xctest */;
			productType = "com.apple.product-type.bundle.unit-test";
		};
/* End PBXNativeTarget section */

/* Begin PBXProject section */
		B9FB0F821EC06E8800473C17 /* Project object */ = {
			isa = PBXProject;
			attributes = {
				LastSwiftUpdateCheck = 0830;
				LastUpgradeCheck = 0830;
				ORGANIZATIONNAME = Worldline;
				TargetAttributes = {
					B9FB0F891EC06E8800473C17 = {
						CreatedOnToolsVersion = 8.3;
						DevelopmentTeam = C2UZU6ZLJE;
						ProvisioningStyle = Automatic;
					};
					B9FB0F9D1EC06E8800473C17 = {
						CreatedOnToolsVersion = 8.3;
						DevelopmentTeam = C2UZU6ZLJE;
						ProvisioningStyle = Automatic;
						TestTargetID = B9FB0F891EC06E8800473C17;
					};
				};
			};
			buildConfigurationList = B9FB0F851EC06E8800473C17 /* Build configuration list for PBXProject "Utils" */;
			compatibilityVersion = "Xcode 3.2";
			developmentRegion = English;
			hasScannedForEncodings = 0;
			knownRegions = (
				en,
				Base,
			);
			mainGroup = B9FB0F811EC06E8800473C17;
			productRefGroup = B9FB0F8B1EC06E8800473C17 /* Products */;
			projectDirPath = "";
			projectRoot = "";
			targets = (
				B9FB0F891EC06E8800473C17 /* Utils */,
				B9FB0F9D1EC06E8800473C17 /* UtilsTests */,
			);
		};
/* End PBXProject section */

/* Begin PBXResourcesBuildPhase section */
		B9FB0F881EC06E8800473C17 /* Resources */ = {
			isa = PBXResourcesBuildPhase;
			buildActionMask = 2147483647;
			files = (
				B9FB0F981EC06E8800473C17 /* LaunchScreen.storyboard in Resources */,
				B9FB0F951EC06E8800473C17 /* Assets.xcassets in Resources */,
				B9FB0F931EC06E8800473C17 /* Main.storyboard in Resources */,
			);
			runOnlyForDeploymentPostprocessing = 0;
		};
		B9FB0F9C1EC06E8800473C17 /* Resources */ = {
			isa = PBXResourcesBuildPhase;
			buildActionMask = 2147483647;
			files = (
			);
			runOnlyForDeploymentPostprocessing = 0;
		};
/* End PBXResourcesBuildPhase section */

/* Begin PBXSourcesBuildPhase section */
		B9FB0F861EC06E8800473C17 /* Sources */ = {
			isa = PBXSourcesBuildPhase;
			buildActionMask = 2147483647;
			files = (
				B9FB0FB31EC06EF300473C17 /* Boxed.swift in Sources */,
				B9FB0F901EC06E8800473C17 /* ViewController.swift in Sources */,
				B9FB0FB11EC06EEC00473C17 /* UIViewFromXIB.swift in Sources */,
				B9FB0F8E1EC06E8800473C17 /* AppDelegate.swift in Sources */,
			);
			runOnlyForDeploymentPostprocessing = 0;
		};
		B9FB0F9A1EC06E8800473C17 /* Sources */ = {
			isa = PBXSourcesBuildPhase;
			buildActionMask = 2147483647;
			files = (
				B9FB0FA31EC06E8800473C17 /* UtilsTests.swift in Sources */,
			);
			runOnlyForDeploymentPostprocessing = 0;
		};
/* End PBXSourcesBuildPhase section */

/* Begin PBXTargetDependency section */
		B9FB0FA01EC06E8800473C17 /* PBXTargetDependency */ = {
			isa = PBXTargetDependency;
			target = B9FB0F891EC06E8800473C17 /* Utils */;
			targetProxy = B9FB0F9F1EC06E8800473C17 /* PBXContainerItemProxy */;
		};
/* End PBXTargetDependency section */

/* Begin PBXVariantGroup section */
		B9FB0F911EC06E8800473C17 /* Main.storyboard */ = {
			isa = PBXVariantGroup;
			children = (
				B9FB0F921EC06E8800473C17 /* Base */,
			);
			name = Main.storyboard;
			sourceTree = "<group>";
		};
		B9FB0F961EC06E8800473C17 /* LaunchScreen.storyboard */ = {
			isa = PBXVariantGroup;
			children = (
				B9FB0F971EC06E8800473C17 /* Base */,
			);
			name = LaunchScreen.storyboard;
			sourceTree = "<group>";
		};
/* End PBXVariantGroup section */

/* Begin XCBuildConfiguration section */
		B9FB0FA51EC06E8800473C17 /* Debug */ = {
			isa = XCBuildConfiguration;
			buildSettings = {
				ALWAYS_SEARCH_USER_PATHS = NO;
				CLANG_ANALYZER_NONNULL = YES;
				CLANG_ANALYZER_NUMBER_OBJECT_CONVERSION = YES_AGGRESSIVE;
				CLANG_CXX_LANGUAGE_STANDARD = "gnu++0x";
				CLANG_CXX_LIBRARY = "libc++";
				CLANG_ENABLE_MODULES = YES;
				CLANG_ENABLE_OBJC_ARC = YES;
				CLANG_WARN_BOOL_CONVERSION = YES;
				CLANG_WARN_CONSTANT_CONVERSION = YES;
				CLANG_WARN_DIRECT_OBJC_ISA_USAGE = YES_ERROR;
				CLANG_WARN_DOCUMENTATION_COMMENTS = YES;
				CLANG_WARN_EMPTY_BODY = YES;
				CLANG_WARN_ENUM_CONVERSION = YES;
				CLANG_WARN_INFINITE_RECURSION = YES;
				CLANG_WARN_INT_CONVERSION = YES;
				CLANG_WARN_OBJC_ROOT_CLASS = YES_ERROR;
				CLANG_WARN_SUSPICIOUS_MOVE = YES;
				CLANG_WARN_UNREACHABLE_CODE = YES;
				CLANG_WARN__DUPLICATE_METHOD_MATCH = YES;
				"CODE_SIGN_IDENTITY[sdk=iphoneos*]" = "iPhone Developer";
				COPY_PHASE_STRIP = NO;
				DEBUG_INFORMATION_FORMAT = dwarf;
				ENABLE_STRICT_OBJC_MSGSEND = YES;
				ENABLE_TESTABILITY = YES;
				GCC_C_LANGUAGE_STANDARD = gnu99;
				GCC_DYNAMIC_NO_PIC = NO;
				GCC_NO_COMMON_BLOCKS = YES;
				GCC_OPTIMIZATION_LEVEL = 0;
				GCC_PREPROCESSOR_DEFINITIONS = (
					"DEBUG=1",
					"$(inherited)",
				);
				GCC_WARN_64_TO_32_BIT_CONVERSION = YES;
				GCC_WARN_ABOUT_RETURN_TYPE = YES_ERROR;
				GCC_WARN_UNDECLARED_SELECTOR = YES;
				GCC_WARN_UNINITIALIZED_AUTOS = YES_AGGRESSIVE;
				GCC_WARN_UNUSED_FUNCTION = YES;
				GCC_WARN_UNUSED_VARIABLE = YES;
				IPHONEOS_DEPLOYMENT_TARGET = 10.3;
				MTL_ENABLE_DEBUG_INFO = YES;
				ONLY_ACTIVE_ARCH = YES;
				SDKROOT = iphoneos;
				SWIFT_ACTIVE_COMPILATION_CONDITIONS = DEBUG;
				SWIFT_OPTIMIZATION_LEVEL = "-Onone";
				TARGETED_DEVICE_FAMILY = "1,2";
			};
			name = Debug;
		};
		B9FB0FA61EC06E8800473C17 /* Release */ = {
			isa = XCBuildConfiguration;
			buildSettings = {
				ALWAYS_SEARCH_USER_PATHS = NO;
				CLANG_ANALYZER_NONNULL = YES;
				CLANG_ANALYZER_NUMBER_OBJECT_CONVERSION = YES_AGGRESSIVE;
				CLANG_CXX_LANGUAGE_STANDARD = "gnu++0x";
				CLANG_CXX_LIBRARY = "libc++";
				CLANG_ENABLE_MODULES = YES;
				CLANG_ENABLE_OBJC_ARC = YES;
				CLANG_WARN_BOOL_CONVERSION = YES;
				CLANG_WARN_CONSTANT_CONVERSION = YES;
				CLANG_WARN_DIRECT_OBJC_ISA_USAGE = YES_ERROR;
				CLANG_WARN_DOCUMENTATION_COMMENTS = YES;
				CLANG_WARN_EMPTY_BODY = YES;
				CLANG_WARN_ENUM_CONVERSION = YES;
				CLANG_WARN_INFINITE_RECURSION = YES;
				CLANG_WARN_INT_CONVERSION = YES;
				CLANG_WARN_OBJC_ROOT_CLASS = YES_ERROR;
				CLANG_WARN_SUSPICIOUS_MOVE = YES;
				CLANG_WARN_UNREACHABLE_CODE = YES;
				CLANG_WARN__DUPLICATE_METHOD_MATCH = YES;
				"CODE_SIGN_IDENTITY[sdk=iphoneos*]" = "iPhone Developer";
				COPY_PHASE_STRIP = NO;
				DEBUG_INFORMATION_FORMAT = "dwarf-with-dsym";
				ENABLE_NS_ASSERTIONS = NO;
				ENABLE_STRICT_OBJC_MSGSEND = YES;
				GCC_C_LANGUAGE_STANDARD = gnu99;
				GCC_NO_COMMON_BLOCKS = YES;
				GCC_WARN_64_TO_32_BIT_CONVERSION = YES;
				GCC_WARN_ABOUT_RETURN_TYPE = YES_ERROR;
				GCC_WARN_UNDECLARED_SELECTOR = YES;
				GCC_WARN_UNINITIALIZED_AUTOS = YES_AGGRESSIVE;
				GCC_WARN_UNUSED_FUNCTION = YES;
				GCC_WARN_UNUSED_VARIABLE = YES;
				IPHONEOS_DEPLOYMENT_TARGET = 10.3;
				MTL_ENABLE_DEBUG_INFO = NO;
				SDKROOT = iphoneos;
				SWIFT_OPTIMIZATION_LEVEL = "-Owholemodule";
				TARGETED_DEVICE_FAMILY = "1,2";
				VALIDATE_PRODUCT = YES;
			};
			name = Release;
		};
		B9FB0FA81EC06E8800473C17 /* Debug */ = {
			isa = XCBuildConfiguration;
			buildSettings = {
				ASSETCATALOG_COMPILER_APPICON_NAME = AppIcon;
				DEVELOPMENT_TEAM = C2UZU6ZLJE;
				INFOPLIST_FILE = Utils/Info.plist;
				LD_RUNPATH_SEARCH_PATHS = "$(inherited) @executable_path/Frameworks";
				PRODUCT_BUNDLE_IDENTIFIER = com.tempos21.Utils;
				PRODUCT_NAME = "$(TARGET_NAME)";
				SWIFT_VERSION = 3.0;
			};
			name = Debug;
		};
		B9FB0FA91EC06E8800473C17 /* Release */ = {
			isa = XCBuildConfiguration;
			buildSettings = {
				ASSETCATALOG_COMPILER_APPICON_NAME = AppIcon;
				DEVELOPMENT_TEAM = C2UZU6ZLJE;
				INFOPLIST_FILE = Utils/Info.plist;
				LD_RUNPATH_SEARCH_PATHS = "$(inherited) @executable_path/Frameworks";
				PRODUCT_BUNDLE_IDENTIFIER = com.tempos21.Utils;
				PRODUCT_NAME = "$(TARGET_NAME)";
				SWIFT_VERSION = 3.0;
			};
			name = Release;
		};
		B9FB0FAB1EC06E8800473C17 /* Debug */ = {
			isa = XCBuildConfiguration;
			buildSettings = {
				ALWAYS_EMBED_SWIFT_STANDARD_LIBRARIES = YES;
				BUNDLE_LOADER = "$(TEST_HOST)";
				DEVELOPMENT_TEAM = C2UZU6ZLJE;
				INFOPLIST_FILE = UtilsTests/Info.plist;
				LD_RUNPATH_SEARCH_PATHS = "$(inherited) @executable_path/Frameworks @loader_path/Frameworks";
				PRODUCT_BUNDLE_IDENTIFIER = com.tempos21.UtilsTests;
				PRODUCT_NAME = "$(TARGET_NAME)";
				SWIFT_VERSION = 3.0;
				TEST_HOST = "$(BUILT_PRODUCTS_DIR)/Utils.app/Utils";
			};
			name = Debug;
		};
		B9FB0FAC1EC06E8800473C17 /* Release */ = {
			isa = XCBuildConfiguration;
			buildSettings = {
				ALWAYS_EMBED_SWIFT_STANDARD_LIBRARIES = YES;
				BUNDLE_LOADER = "$(TEST_HOST)";
				DEVELOPMENT_TEAM = C2UZU6ZLJE;
				INFOPLIST_FILE = UtilsTests/Info.plist;
				LD_RUNPATH_SEARCH_PATHS = "$(inherited) @executable_path/Frameworks @loader_path/Frameworks";
				PRODUCT_BUNDLE_IDENTIFIER = com.tempos21.UtilsTests;
				PRODUCT_NAME = "$(TARGET_NAME)";
				SWIFT_VERSION = 3.0;
				TEST_HOST = "$(BUILT_PRODUCTS_DIR)/Utils.app/Utils";
			};
			name = Release;
		};
/* End XCBuildConfiguration section */

/* Begin XCConfigurationList section */
		B9FB0F851EC06E8800473C17 /* Build configuration list for PBXProject "Utils" */ = {
			isa = XCConfigurationList;
			buildConfigurations = (
				B9FB0FA51EC06E8800473C17 /* Debug */,
				B9FB0FA61EC06E8800473C17 /* Release */,
			);
			defaultConfigurationIsVisible = 0;
			defaultConfigurationName = Release;
		};
		B9FB0FA71EC06E8800473C17 /* Build configuration list for PBXNativeTarget "Utils" */ = {
			isa = XCConfigurationList;
			buildConfigurations = (
				B9FB0FA81EC06E8800473C17 /* Debug */,
				B9FB0FA91EC06E8800473C17 /* Release */,
			);
			defaultConfigurationIsVisible = 0;
		};
		B9FB0FAA1EC06E8800473C17 /* Build configuration list for PBXNativeTarget "UtilsTests" */ = {
			isa = XCConfigurationList;
			buildConfigurations = (
				B9FB0FAB1EC06E8800473C17 /* Debug */,
				B9FB0FAC1EC06E8800473C17 /* Release */,
			);
			defaultConfigurationIsVisible = 0;
		};
/* End XCConfigurationList section */
	};
	rootObject = B9FB0F821EC06E8800473C17 /* Project object */;
}
